
Microsoft Visual Studio Solution File, Format Version 12.00
# Visual Studio Version 16
VisualStudioVersion = 16.0.29609.76
MinimumVisualStudioVersion = 10.0.40219.1
Project("{FAE04EC0-301F-11D3-BF4B-00C04F79EFBC}") = "Financial.Web", "Financial.Web\Financial.Web.csproj", "{E6B53E19-A57E-4857-A6CF-A63643C54F16}"
EndProject
Project("{FAE04EC0-301F-11D3-BF4B-00C04F79EFBC}") = "Financial.Web.Tests", "Financial.Web.Tests\Financial.Web.Tests.csproj", "{026052BE-FE77-4AAA-9E3D-8B897705B1B1}"
EndProject
Project("{FAE04EC0-301F-11D3-BF4B-00C04F79EFBC}") = "Financial.Data", "Financial.Data\Financial.Data.csproj", "{CF14623B-6CAC-46E0-8272-DEA868F5F733}"
EndProject
Project("{FAE04EC0-301F-11D3-BF4B-00C04F79EFBC}") = "Financial.Data.Tests", "Financial.Data.Tests\Financial.Data.Tests.csproj", "{1B442D18-5968-4322-86E3-ECF6671C703F}"
EndProject
Project("{FAE04EC0-301F-11D3-BF4B-00C04F79EFBC}") = "Financial.Entities", "Financial.Entities\Financial.Entities.csproj", "{C6A9742D-E9F2-408E-A449-B046798C6719}"
EndProject
Project("{FAE04EC0-301F-11D3-BF4B-00C04F79EFBC}") = "Financial.Entities.Tests", "Financial.Entities.Tests\Financial.Entities.Tests.csproj", "{914034AB-9D3A-48FE-BD63-97200F8915AA}"
EndProject
Project("{FAE04EC0-301F-11D3-BF4B-00C04F79EFBC}") = "Financial.Common", "Financial.Common\Financial.Common.csproj", "{48633677-5973-4372-B900-3DC2722D2937}"
EndProject
Project("{FAE04EC0-301F-11D3-BF4B-00C04F79EFBC}") = "Financial.Common.Tests", "Financial.Common.Tests\Financial.Common.Tests.csproj", "{3C0DA9EF-3555-4D4D-8FEB-A573B9398429}"
EndProject
Global
	GlobalSection(SolutionConfigurationPlatforms) = preSolution
		Debug|Any CPU = Debug|Any CPU
		Release|Any CPU = Release|Any CPU
	EndGlobalSection
	GlobalSection(ProjectConfigurationPlatforms) = postSolution
		{E6B53E19-A57E-4857-A6CF-A63643C54F16}.Debug|Any CPU.ActiveCfg = Debug|Any CPU
		{E6B53E19-A57E-4857-A6CF-A63643C54F16}.Debug|Any CPU.Build.0 = Debug|Any CPU
		{E6B53E19-A57E-4857-A6CF-A63643C54F16}.Release|Any CPU.ActiveCfg = Release|Any CPU
		{E6B53E19-A57E-4857-A6CF-A63643C54F16}.Release|Any CPU.Build.0 = Release|Any CPU
		{026052BE-FE77-4AAA-9E3D-8B897705B1B1}.Debug|Any CPU.ActiveCfg = Debug|Any CPU
		{026052BE-FE77-4AAA-9E3D-8B897705B1B1}.Debug|Any CPU.Build.0 = Debug|Any CPU
		{026052BE-FE77-4AAA-9E3D-8B897705B1B1}.Release|Any CPU.ActiveCfg = Release|Any CPU
		{026052BE-FE77-4AAA-9E3D-8B897705B1B1}.Release|Any CPU.Build.0 = Release|Any CPU
		{CF14623B-6CAC-46E0-8272-DEA868F5F733}.Debug|Any CPU.ActiveCfg = Debug|Any CPU
		{CF14623B-6CAC-46E0-8272-DEA868F5F733}.Debug|Any CPU.Build.0 = Debug|Any CPU
		{CF14623B-6CAC-46E0-8272-DEA868F5F733}.Release|Any CPU.ActiveCfg = Release|Any CPU
		{CF14623B-6CAC-46E0-8272-DEA868F5F733}.Release|Any CPU.Build.0 = Release|Any CPU
		{1B442D18-5968-4322-86E3-ECF6671C703F}.Debug|Any CPU.ActiveCfg = Debug|Any CPU
		{1B442D18-5968-4322-86E3-ECF6671C703F}.Debug|Any CPU.Build.0 = Debug|Any CPU
		{1B442D18-5968-4322-86E3-ECF6671C703F}.Release|Any CPU.ActiveCfg = Release|Any CPU
		{1B442D18-5968-4322-86E3-ECF6671C703F}.Release|Any CPU.Build.0 = Release|Any CPU
		{C6A9742D-E9F2-408E-A449-B046798C6719}.Debug|Any CPU.ActiveCfg = Debug|Any CPU
		{C6A9742D-E9F2-408E-A449-B046798C6719}.Debug|Any CPU.Build.0 = Debug|Any CPU
		{C6A9742D-E9F2-408E-A449-B046798C6719}.Release|Any CPU.ActiveCfg = Release|Any CPU
		{C6A9742D-E9F2-408E-A449-B046798C6719}.Release|Any CPU.Build.0 = Release|Any CPU
		{914034AB-9D3A-48FE-BD63-97200F8915AA}.Debug|Any CPU.ActiveCfg = Debug|Any CPU
		{914034AB-9D3A-48FE-BD63-97200F8915AA}.Debug|Any CPU.Build.0 = Debug|Any CPU
		{914034AB-9D3A-48FE-BD63-97200F8915AA}.Release|Any CPU.ActiveCfg = Release|Any CPU
		{914034AB-9D3A-48FE-BD63-97200F8915AA}.Release|Any CPU.Build.0 = Release|Any CPU
		{48633677-5973-4372-B900-3DC2722D2937}.Debug|Any CPU.ActiveCfg = Debug|Any CPU
		{48633677-5973-4372-B900-3DC2722D2937}.Debug|Any CPU.Build.0 = Debug|Any CPU
		{48633677-5973-4372-B900-3DC2722D2937}.Release|Any CPU.ActiveCfg = Release|Any CPU
		{48633677-5973-4372-B900-3DC2722D2937}.Release|Any CPU.Build.0 = Release|Any CPU
		{3C0DA9EF-3555-4D4D-8FEB-A573B9398429}.Debug|Any CPU.ActiveCfg = Debug|Any CPU
		{3C0DA9EF-3555-4D4D-8FEB-A573B9398429}.Debug|Any CPU.Build.0 = Debug|Any CPU
		{3C0DA9EF-3555-4D4D-8FEB-A573B9398429}.Release|Any CPU.ActiveCfg = Release|Any CPU
		{3C0DA9EF-3555-4D4D-8FEB-A573B9398429}.Release|Any CPU.Build.0 = Release|Any CPU
	EndGlobalSection
	GlobalSection(SolutionProperties) = preSolution
		HideSolutionNode = FALSE
	EndGlobalSection
	GlobalSection(ExtensibilityGlobals) = postSolution
		SolutionGuid = {351B43B6-3DDF-42FF-8565-434C1CD5C716}
	EndGlobalSection
EndGlobal
